{
  "name": "primer",
  "version": "1.0.0",
  "lockfileVersion": 3,
  "requires": true,
  "packages": {
    "": {
      "name": "primer",
      "version": "1.0.0",
      "license": "ISC",
      "dependencies": {
        "@kobiche13/aj": "^8.19.4"
      }
    },
    "node_modules/@kobiche13/aj": {
      "version": "8.19.4",
      "resolved": "https://npm.pkg.github.com/download/@kobiche13/aj/8.19.4/6b30e8c583a31b4218d50825ac40add362cb7507",
      "integrity": "sha512-eng9heqtPvRuXgyqmncRmvJax5I2r6sdI/6WKwel9FZq4If9f2gMhMTzNwmIeSi+LDzySaQjyWRlrDSSq6Hseg==",
      "license": "ISC"
    }
  }
}
